// !$*UTF8*$!
{
	archiveVersion = 1;
	classes = {
	};
	objectVersion = 50;
	objects = {

/* Begin PBXBuildFile section */
		FE105D0F254786CF00BA1991 /* AppDelegate.swift in Sources */ = {isa = PBXBuildFile; fileRef = FE105D0E254786CF00BA1991 /* AppDelegate.swift */; };
		FE105D11254786CF00BA1991 /* SceneDelegate.swift in Sources */ = {isa = PBXBuildFile; fileRef = FE105D10254786CF00BA1991 /* SceneDelegate.swift */; };
		FE105D13254786CF00BA1991 /* ContentView.swift in Sources */ = {isa = PBXBuildFile; fileRef = FE105D12254786CF00BA1991 /* ContentView.swift */; };
		FE105D15254786D000BA1991 /* Assets.xcassets in Resources */ = {isa = PBXBuildFile; fileRef = FE105D14254786D000BA1991 /* Assets.xcassets */; };
		FE105D18254786D000BA1991 /* Preview Assets.xcassets in Resources */ = {isa = PBXBuildFile; fileRef = FE105D17254786D000BA1991 /* Preview Assets.xcassets */; };
		FE105D1B254786D000BA1991 /* LaunchScreen.storyboard in Resources */ = {isa = PBXBuildFile; fileRef = FE105D19254786D000BA1991 /* LaunchScreen.storyboard */; };
/* End PBXBuildFile section */

/* Begin PBXFileReference section */
		FE105D0B254786CF00BA1991 /* iOS-Instagram.app */ = {isa = PBXFileReference; explicitFileType = wrapper.application; includeInIndex = 0; path = "iOS-Instagram.app"; sourceTree = BUILT_PRODUCTS_DIR; };
		FE105D0E254786CF00BA1991 /* AppDelegate.swift */ = {isa = PBXFileReference; lastKnownFileType = sourcecode.swift; path = AppDelegate.swift; sourceTree = "<group>"; };
		FE105D10254786CF00BA1991 /* SceneDelegate.swift */ = {isa = PBXFileReference; lastKnownFileType = sourcecode.swift; path = SceneDelegate.swift; sourceTree = "<group>"; };
		FE105D12254786CF00BA1991 /* ContentView.swift */ = {isa = PBXFileReference; lastKnownFileType = sourcecode.swift; path = ContentView.swift; sourceTree = "<group>"; };
		FE105D14254786D000BA1991 /* Assets.xcassets */ = {isa = PBXFileReference; lastKnownFileType = folder.assetcatalog; path = Assets.xcassets; sourceTree = "<group>"; };
		FE105D17254786D000BA1991 /* Preview Assets.xcassets */ = {isa = PBXFileReference; lastKnownFileType = folder.assetcatalog; path = "Preview Assets.xcassets"; sourceTree = "<group>"; };
		FE105D1A254786D000BA1991 /* Base */ = {isa = PBXFileReference; lastKnownFileType = file.storyboard; name = Base; path = Base.lproj/LaunchScreen.storyboard; sourceTree = "<group>"; };
		FE105D1C254786D000BA1991 /* Info.plist */ = {isa = PBXFileReference; lastKnownFileType = text.plist.xml; path = Info.plist; sourceTree = "<group>"; };
/* End PBXFileReference section */

/* Begin PBXFrameworksBuildPhase section */
		FE105D08254786CF00BA1991 /* Frameworks */ = {
			isa = PBXFrameworksBuildPhase;
			buildActionMask = 2147483647;
			files = (
			);
			runOnlyForDeploymentPostprocessing = 0;
		};
/* End PBXFrameworksBuildPhase section */

/* Begin PBXGroup section */
		FE105D02254786CF00BA1991 = {
			isa = PBXGroup;
			children = (
				FE105D0D254786CF00BA1991 /* iOS-Instagram */,
				FE105D0C254786CF00BA1991 /* Products */,
			);
			sourceTree = "<group>";
		};
		FE105D0C254786CF00BA1991 /* Products */ = {
			isa = PBXGroup;
			children = (
				FE105D0B254786CF00BA1991 /* iOS-Instagram.app */,
			);
			name = Products;
			sourceTree = "<group>";
		};
		FE105D0D254786CF00BA1991 /* iOS-Instagram */ = {
			isa = PBXGroup;
			children = (
				FE105D0E254786CF00BA1991 /* AppDelegate.swift */,
				FE105D10254786CF00BA1991 /* SceneDelegate.swift */,
				FE105D12254786CF00BA1991 /* ContentView.swift */,
				FE105D14254786D000BA1991 /* Assets.xcassets */,
				FE105D19254786D000BA1991 /* LaunchScreen.storyboard */,
				FE105D1C254786D000BA1991 /* Info.plist */,
				FE105D16254786D000BA1991 /* Preview Content */,
			);
			path = "iOS-Instagram";
			sourceTree = "<group>";
		};
		FE105D16254786D000BA1991 /* Preview Content */ = {
			isa = PBXGroup;
			children = (
				FE105D17254786D000BA1991 /* Preview Assets.xcassets */,
			);
			path = "Preview Content";
			sourceTree = "<group>";
		};
/* End PBXGroup section */

/* Begin PBXNativeTarget section */
		FE105D0A254786CF00BA1991 /* iOS-Instagram */ = {
			isa = PBXNativeTarget;
			buildConfigurationList = FE105D1F254786D000BA1991 /* Build configuration list for PBXNativeTarget "iOS-Instagram" */;
			buildPhases = (
				FE105D07254786CF00BA1991 /* Sources */,
				FE105D08254786CF00BA1991 /* Frameworks */,
				FE105D09254786CF00BA1991 /* Resources */,
			);
			buildRules = (
			);
			dependencies = (
			);
			name = "iOS-Instagram";
			productName = "iOS-Instagram";
			productReference = FE105D0B254786CF00BA1991 /* iOS-Instagram.app */;
			productType = "com.apple.product-type.application";
		};
/* End PBXNativeTarget section */

/* Begin PBXProject section */
		FE105D03254786CF00BA1991 /* Project object */ = {
			isa = PBXProject;
			attributes = {
				LastSwiftUpdateCheck = 1210;
				LastUpgradeCheck = 1210;
				TargetAttributes = {
					FE105D0A254786CF00BA1991 = {
						CreatedOnToolsVersion = 12.1;
					};
				};
			};
			buildConfigurationList = FE105D06254786CF00BA1991 /* Build configuration list for PBXProject "iOS-Instagram" */;
			compatibilityVersion = "Xcode 9.3";
			developmentRegion = en;
			hasScannedForEncodings = 0;
			knownRegions = (
				en,
				Base,
			);
			mainGroup = FE105D02254786CF00BA1991;
			productRefGroup = FE105D0C254786CF00BA1991 /* Products */;
			projectDirPath = "";
			projectRoot = "";
			targets = (
				FE105D0A254786CF00BA1991 /* iOS-Instagram */,
			);
		};
/* End PBXProject section */

/* Begin PBXResourcesBuildPhase section */
		FE105D09254786CF00BA1991 /* Resources */ = {
			isa = PBXResourcesBuildPhase;
			buildActionMask = 2147483647;
			files = (
				FE105D1B254786D000BA1991 /* LaunchScreen.storyboard in Resources */,
				FE105D18254786D000BA1991 /* Preview Assets.xcassets in Resources */,
				FE105D15254786D000BA1991 /* Assets.xcassets in Resources */,
			);
			runOnlyForDeploymentPostprocessing = 0;
		};
/* End PBXResourcesBuildPhase section */

/* Begin PBXSourcesBuildPhase section */
		FE105D07254786CF00BA1991 /* Sources */ = {
			isa = PBXSourcesBuildPhase;
			buildActionMask = 2147483647;
			files = (
				FE105D0F254786CF00BA1991 /* AppDelegate.swift in Sources */,
				FE105D11254786CF00BA1991 /* SceneDelegate.swift in Sources */,
				FE105D13254786CF00BA1991 /* ContentView.swift in Sources */,
			);
			runOnlyForDeploymentPostprocessing = 0;
		};
/* End PBXSourcesBuildPhase section */

/* Begin PBXVariantGroup section */
		FE105D19254786D000BA1991 /* LaunchScreen.storyboard */ = {
			isa = PBXVariantGroup;
			children = (
				FE105D1A254786D000BA1991 /* Base */,
			);
			name = LaunchScreen.storyboard;
			sourceTree = "<group>";
		};
/* End PBXVariantGroup section */

/* Begin XCBuildConfiguration section */
		FE105D1D254786D000BA1991 /* Debug */ = {
			isa = XCBuildConfiguration;
			buildSettings = {
				ALWAYS_SEARCH_USER_PATHS = NO;
				CLANG_ANALYZER_NONNULL = YES;
				CLANG_ANALYZER_NUMBER_OBJECT_CONVERSION = YES_AGGRESSIVE;
				CLANG_CXX_LANGUAGE_STANDARD = "gnu++14";
				CLANG_CXX_LIBRARY = "libc++";
				CLANG_ENABLE_MODULES = YES;
				CLANG_ENABLE_OBJC_ARC = YES;
				CLANG_ENABLE_OBJC_WEAK = YES;
				CLANG_WARN_BLOCK_CAPTURE_AUTORELEASING = YES;
				CLANG_WARN_BOOL_CONVERSION = YES;
				CLANG_WARN_COMMA = YES;
				CLANG_WARN_CONSTANT_CONVERSION = YES;
				CLANG_WARN_DEPRECATED_OBJC_IMPLEMENTATIONS = YES;
				CLANG_WARN_DIRECT_OBJC_ISA_USAGE = YES_ERROR;
				CLANG_WARN_DOCUMENTATION_COMMENTS = YES;
				CLANG_WARN_EMPTY_BODY = YES;
				CLANG_WARN_ENUM_CONVERSION = YES;
				CLANG_WARN_INFINITE_RECURSION = YES;
				CLANG_WARN_INT_CONVERSION = YES;
				CLANG_WARN_NON_LITERAL_NULL_CONVERSION = YES;
				CLANG_WARN_OBJC_IMPLICIT_RETAIN_SELF = YES;
				CLANG_WARN_OBJC_LITERAL_CONVERSION = YES;
				CLANG_WARN_OBJC_ROOT_CLASS = YES_ERROR;
				CLANG_WARN_QUOTED_INCLUDE_IN_FRAMEWORK_HEADER = YES;
				CLANG_WARN_RANGE_LOOP_ANALYSIS = YES;
				CLANG_WARN_STRICT_PROTOTYPES = YES;
				CLANG_WARN_SUSPICIOUS_MOVE = YES;
				CLANG_WARN_UNGUARDED_AVAILABILITY = YES_AGGRESSIVE;
				CLANG_WARN_UNREACHABLE_CODE = YES;
				CLANG_WARN__DUPLICATE_METHOD_MATCH = YES;
				COPY_PHASE_STRIP = NO;
				DEBUG_INFORMATION_FORMAT = dwarf;
				ENABLE_STRICT_OBJC_MSGSEND = YES;
				ENABLE_TESTABILITY = YES;
				GCC_C_LANGUAGE_STANDARD = gnu11;
				GCC_DYNAMIC_NO_PIC = NO;
				GCC_NO_COMMON_BLOCKS = YES;
				GCC_OPTIMIZATION_LEVEL = 0;
				GCC_PREPROCESSOR_DEFINITIONS = (
					"DEBUG=1",
					"$(inherited)",
				);
				GCC_WARN_64_TO_32_BIT_CONVERSION = YES;
				GCC_WARN_ABOUT_RETURN_TYPE = YES_ERROR;
				GCC_WARN_UNDECLARED_SELECTOR = YES;
				GCC_WARN_UNINITIALIZED_AUTOS = YES_AGGRESSIVE;
				GCC_WARN_UNUSED_FUNCTION = YES;
				GCC_WARN_UNUSED_VARIABLE = YES;
				IPHONEOS_DEPLOYMENT_TARGET = 14.1;
				MTL_ENABLE_DEBUG_INFO = INCLUDE_SOURCE;
				MTL_FAST_MATH = YES;
				ONLY_ACTIVE_ARCH = YES;
				SDKROOT = iphoneos;
				SWIFT_ACTIVE_COMPILATION_CONDITIONS = DEBUG;
				SWIFT_OPTIMIZATION_LEVEL = "-Onone";
			};
			name = Debug;
		};
		FE105D1E254786D000BA1991 /* Release */ = {
			isa = XCBuildConfiguration;
			buildSettings = {
				ALWAYS_SEARCH_USER_PATHS = NO;
				CLANG_ANALYZER_NONNULL = YES;
				CLANG_ANALYZER_NUMBER_OBJECT_CONVERSION = YES_AGGRESSIVE;
				CLANG_CXX_LANGUAGE_STANDARD = "gnu++14";
				CLANG_CXX_LIBRARY = "libc++";
				CLANG_ENABLE_MODULES = YES;
				CLANG_ENABLE_OBJC_ARC = YES;
				CLANG_ENABLE_OBJC_WEAK = YES;
				CLANG_WARN_BLOCK_CAPTURE_AUTORELEASING = YES;
				CLANG_WARN_BOOL_CONVERSION = YES;
				CLANG_WARN_COMMA = YES;
				CLANG_WARN_CONSTANT_CONVERSION = YES;
				CLANG_WARN_DEPRECATED_OBJC_IMPLEMENTATIONS = YES;
				CLANG_WARN_DIRECT_OBJC_ISA_USAGE = YES_ERROR;
				CLANG_WARN_DOCUMENTATION_COMMENTS = YES;
				CLANG_WARN_EMPTY_BODY = YES;
				CLANG_WARN_ENUM_CONVERSION = YES;
				CLANG_WARN_INFINITE_RECURSION = YES;
				CLANG_WARN_INT_CONVERSION = YES;
				CLANG_WARN_NON_LITERAL_NULL_CONVERSION = YES;
				CLANG_WARN_OBJC_IMPLICIT_RETAIN_SELF = YES;
				CLANG_WARN_OBJC_LITERAL_CONVERSION = YES;
				CLANG_WARN_OBJC_ROOT_CLASS = YES_ERROR;
				CLANG_WARN_QUOTED_INCLUDE_IN_FRAMEWORK_HEADER = YES;
				CLANG_WARN_RANGE_LOOP_ANALYSIS = YES;
				CLANG_WARN_STRICT_PROTOTYPES = YES;
				CLANG_WARN_SUSPICIOUS_MOVE = YES;
				CLANG_WARN_UNGUARDED_AVAILABILITY = YES_AGGRESSIVE;
				CLANG_WARN_UNREACHABLE_CODE = YES;
				CLANG_WARN__DUPLICATE_METHOD_MATCH = YES;
				COPY_PHASE_STRIP = NO;
				DEBUG_INFORMATION_FORMAT = "dwarf-with-dsym";
				ENABLE_NS_ASSERTIONS = NO;
				ENABLE_STRICT_OBJC_MSGSEND = YES;
				GCC_C_LANGUAGE_STANDARD = gnu11;
				GCC_NO_COMMON_BLOCKS = YES;
				GCC_WARN_64_TO_32_BIT_CONVERSION = YES;
				GCC_WARN_ABOUT_RETURN_TYPE = YES_ERROR;
				GCC_WARN_UNDECLARED_SELECTOR = YES;
				GCC_WARN_UNINITIALIZED_AUTOS = YES_AGGRESSIVE;
				GCC_WARN_UNUSED_FUNCTION = YES;
				GCC_WARN_UNUSED_VARIABLE = YES;
				IPHONEOS_DEPLOYMENT_TARGET = 14.1;
				MTL_ENABLE_DEBUG_INFO = NO;
				MTL_FAST_MATH = YES;
				SDKROOT = iphoneos;
				SWIFT_COMPILATION_MODE = wholemodule;
				SWIFT_OPTIMIZATION_LEVEL = "-O";
				VALIDATE_PRODUCT = YES;
			};
			name = Release;
		};
		FE105D20254786D000BA1991 /* Debug */ = {
			isa = XCBuildConfiguration;
			buildSettings = {
				ASSETCATALOG_COMPILER_APPICON_NAME = AppIcon;
				ASSETCATALOG_COMPILER_GLOBAL_ACCENT_COLOR_NAME = AccentColor;
				CODE_SIGN_STYLE = Automatic;
				DEVELOPMENT_ASSET_PATHS = "\"iOS-Instagram/Preview Content\"";
				DEVELOPMENT_TEAM = NJVB322UA6;
				ENABLE_PREVIEWS = YES;
				INFOPLIST_FILE = "iOS-Instagram/Info.plist";
				LD_RUNPATH_SEARCH_PATHS = (
					"$(inherited)",
					"@executable_path/Frameworks",
				);
				PRODUCT_BUNDLE_IDENTIFIER = "com.prashuk.iOS-Instagram";
				PRODUCT_NAME = "$(TARGET_NAME)";
				SWIFT_VERSION = 5.0;
				TARGETED_DEVICE_FAMILY = "1,2";
			};
			name = Debug;
		};
		FE105D21254786D000BA1991 /* Release */ = {
			isa = XCBuildConfiguration;
			buildSettings = {
				ASSETCATALOG_COMPILER_APPICON_NAME = AppIcon;
				ASSETCATALOG_COMPILER_GLOBAL_ACCENT_COLOR_NAME = AccentColor;
				CODE_SIGN_STYLE = Automatic;
				DEVELOPMENT_ASSET_PATHS = "\"iOS-Instagram/Preview Content\"";
				DEVELOPMENT_TEAM = NJVB322UA6;
				ENABLE_PREVIEWS = YES;
				INFOPLIST_FILE = "iOS-Instagram/Info.plist";
				LD_RUNPATH_SEARCH_PATHS = (
					"$(inherited)",
					"@executable_path/Frameworks",
				);
				PRODUCT_BUNDLE_IDENTIFIER = "com.prashuk.iOS-Instagram";
				PRODUCT_NAME = "$(TARGET_NAME)";
				SWIFT_VERSION = 5.0;
				TARGETED_DEVICE_FAMILY = "1,2";
			};
			name = Release;
		};
/* End XCBuildConfiguration section */

/* Begin XCConfigurationList section */
		FE105D06254786CF00BA1991 /* Build configuration list for PBXProject "iOS-Instagram" */ = {
			isa = XCConfigurationList;
			buildConfigurations = (
				FE105D1D254786D000BA1991 /* Debug */,
				FE105D1E254786D000BA1991 /* Release */,
			);
			defaultConfigurationIsVisible = 0;
			defaultConfigurationName = Release;
		};
		FE105D1F254786D000BA1991 /* Build configuration list for PBXNativeTarget "iOS-Instagram" */ = {
			isa = XCConfigurationList;
			buildConfigurations = (
				FE105D20254786D000BA1991 /* Debug */,
				FE105D21254786D000BA1991 /* Release */,
			);
			defaultConfigurationIsVisible = 0;
			defaultConfigurationName = Release;
		};
/* End XCConfigurationList section */
	};
	rootObject = FE105D03254786CF00BA1991 /* Project object */;
}
